
Microsoft Visual Studio Solution File, Format Version 12.00
# Visual Studio Version 17
VisualStudioVersion = 17.12.35527.113 d17.12
MinimumVisualStudioVersion = 10.0.40219.1
Project("{FAE04EC0-301F-11D3-BF4B-00C04F79EFBC}") = "assign 3", "assign 3\assign 3.csproj", "{839A2ED1-FC94-4D0C-ACEA-48B275882F78}"
EndProject
Project("{FAE04EC0-301F-11D3-BF4B-00C04F79EFBC}") = "Assign 03 C#", "Assign 03 C#\Assign 03 C#.csproj", "{C65D4C5A-6F4E-4435-AAC8-F3C9DB26806D}"
EndProject
Global
	GlobalSection(SolutionConfigurationPlatforms) = preSolution
		Debug|Any CPU = Debug|Any CPU
		Release|Any CPU = Release|Any CPU
	EndGlobalSection
	GlobalSection(ProjectConfigurationPlatforms) = postSolution
		{839A2ED1-FC94-4D0C-ACEA-48B275882F78}.Debug|Any CPU.ActiveCfg = Debug|Any CPU
		{839A2ED1-FC94-4D0C-ACEA-48B275882F78}.Debug|Any CPU.Build.0 = Debug|Any CPU
		{839A2ED1-FC94-4D0C-ACEA-48B275882F78}.Release|Any CPU.ActiveCfg = Release|Any CPU
		{839A2ED1-FC94-4D0C-ACEA-48B275882F78}.Release|Any CPU.Build.0 = Release|Any CPU
		{C65D4C5A-6F4E-4435-AAC8-F3C9DB26806D}.Debug|Any CPU.ActiveCfg = Debug|Any CPU
		{C65D4C5A-6F4E-4435-AAC8-F3C9DB26806D}.Debug|Any CPU.Build.0 = Debug|Any CPU
		{C65D4C5A-6F4E-4435-AAC8-F3C9DB26806D}.Release|Any CPU.ActiveCfg = Release|Any CPU
		{C65D4C5A-6F4E-4435-AAC8-F3C9DB26806D}.Release|Any CPU.Build.0 = Release|Any CPU
	EndGlobalSection
	GlobalSection(SolutionProperties) = preSolution
		HideSolutionNode = FALSE
	EndGlobalSection
EndGlobal
